
Microsoft Visual Studio Solution File, Format Version 12.00
# Visual Studio Version 17
VisualStudioVersion = 17.4.33103.184
MinimumVisualStudioVersion = 10.0.40219.1
Project("{FAE04EC0-301F-11D3-BF4B-00C04F79EFBC}") = "Kolekcje", "Kolekcje\Kolekcje.csproj", "{497729D2-8E2E-4435-A48B-C2702974F98A}"
EndProject
Global
	GlobalSection(SolutionConfigurationPlatforms) = preSolution
		Debug|Any CPU = Debug|Any CPU
		Release|Any CPU = Release|Any CPU
	EndGlobalSection
	GlobalSection(ProjectConfigurationPlatforms) = postSolution
		{497729D2-8E2E-4435-A48B-C2702974F98A}.Debug|Any CPU.ActiveCfg = Debug|Any CPU
		{497729D2-8E2E-4435-A48B-C2702974F98A}.Debug|Any CPU.Build.0 = Debug|Any CPU
		{497729D2-8E2E-4435-A48B-C2702974F98A}.Release|Any CPU.ActiveCfg = Release|Any CPU
		{497729D2-8E2E-4435-A48B-C2702974F98A}.Release|Any CPU.Build.0 = Release|Any CPU
	EndGlobalSection
	GlobalSection(SolutionProperties) = preSolution
		HideSolutionNode = FALSE
	EndGlobalSection
	GlobalSection(ExtensibilityGlobals) = postSolution
		SolutionGuid = {A25A18D3-68A4-441D-9160-64753F199A63}
	EndGlobalSection
EndGlobal
